// !$*UTF8*$!
{
	archiveVersion = 1;
	classes = {
	};
	objectVersion = 55;
	objects = {

/* Begin PBXBuildFile section */
		822AEDAA2850C9F6007352E2 /* iMacrosApp.swift in Sources */ = {isa = PBXBuildFile; fileRef = 822AEDA92850C9F6007352E2 /* iMacrosApp.swift */; };
		822AEDAC2850C9F6007352E2 /* ContentView.swift in Sources */ = {isa = PBXBuildFile; fileRef = 822AEDAB2850C9F6007352E2 /* ContentView.swift */; };
		822AEDAE2850C9F8007352E2 /* Assets.xcassets in Resources */ = {isa = PBXBuildFile; fileRef = 822AEDAD2850C9F8007352E2 /* Assets.xcassets */; };
		822AEDB12850C9F8007352E2 /* Preview Assets.xcassets in Resources */ = {isa = PBXBuildFile; fileRef = 822AEDB02850C9F8007352E2 /* Preview Assets.xcassets */; };
		822AEDB32850C9F8007352E2 /* Persistence.swift in Sources */ = {isa = PBXBuildFile; fileRef = 822AEDB22850C9F8007352E2 /* Persistence.swift */; };
		822AEDB62850C9F8007352E2 /* iMacros.xcdatamodeld in Sources */ = {isa = PBXBuildFile; fileRef = 822AEDB42850C9F8007352E2 /* iMacros.xcdatamodeld */; };
		828E1AA1285129F6006CC23C /* Home.swift in Sources */ = {isa = PBXBuildFile; fileRef = 828E1AA0285129F6006CC23C /* Home.swift */; };
		828E1AA3285130B6006CC23C /* MealViewModel.swift in Sources */ = {isa = PBXBuildFile; fileRef = 828E1AA2285130B6006CC23C /* MealViewModel.swift */; };
		828E1AA52851334B006CC23C /* AddNewMeal.swift in Sources */ = {isa = PBXBuildFile; fileRef = 828E1AA42851334B006CC23C /* AddNewMeal.swift */; };
/* End PBXBuildFile section */

/* Begin PBXFileReference section */
		822AEDA62850C9F6007352E2 /* iMacros.app */ = {isa = PBXFileReference; explicitFileType = wrapper.application; includeInIndex = 0; path = iMacros.app; sourceTree = BUILT_PRODUCTS_DIR; };
		822AEDA92850C9F6007352E2 /* iMacrosApp.swift */ = {isa = PBXFileReference; lastKnownFileType = sourcecode.swift; path = iMacrosApp.swift; sourceTree = "<group>"; };
		822AEDAB2850C9F6007352E2 /* ContentView.swift */ = {isa = PBXFileReference; lastKnownFileType = sourcecode.swift; path = ContentView.swift; sourceTree = "<group>"; };
		822AEDAD2850C9F8007352E2 /* Assets.xcassets */ = {isa = PBXFileReference; lastKnownFileType = folder.assetcatalog; path = Assets.xcassets; sourceTree = "<group>"; };
		822AEDB02850C9F8007352E2 /* Preview Assets.xcassets */ = {isa = PBXFileReference; lastKnownFileType = folder.assetcatalog; path = "Preview Assets.xcassets"; sourceTree = "<group>"; };
		822AEDB22850C9F8007352E2 /* Persistence.swift */ = {isa = PBXFileReference; lastKnownFileType = sourcecode.swift; path = Persistence.swift; sourceTree = "<group>"; };
		822AEDB52850C9F8007352E2 /* iMacros.xcdatamodel */ = {isa = PBXFileReference; lastKnownFileType = wrapper.xcdatamodel; path = iMacros.xcdatamodel; sourceTree = "<group>"; };
		828E1AA0285129F6006CC23C /* Home.swift */ = {isa = PBXFileReference; lastKnownFileType = sourcecode.swift; path = Home.swift; sourceTree = "<group>"; };
		828E1AA2285130B6006CC23C /* MealViewModel.swift */ = {isa = PBXFileReference; lastKnownFileType = sourcecode.swift; path = MealViewModel.swift; sourceTree = "<group>"; };
		828E1AA42851334B006CC23C /* AddNewMeal.swift */ = {isa = PBXFileReference; lastKnownFileType = sourcecode.swift; path = AddNewMeal.swift; sourceTree = "<group>"; };
/* End PBXFileReference section */

/* Begin PBXFrameworksBuildPhase section */
		822AEDA32850C9F6007352E2 /* Frameworks */ = {
			isa = PBXFrameworksBuildPhase;
			buildActionMask = 2147483647;
			files = (
			);
			runOnlyForDeploymentPostprocessing = 0;
		};
/* End PBXFrameworksBuildPhase section */

/* Begin PBXGroup section */
		822AED9D2850C9F6007352E2 = {
			isa = PBXGroup;
			children = (
				822AEDA82850C9F6007352E2 /* iMacros */,
				822AEDA72850C9F6007352E2 /* Products */,
			);
			sourceTree = "<group>";
		};
		822AEDA72850C9F6007352E2 /* Products */ = {
			isa = PBXGroup;
			children = (
				822AEDA62850C9F6007352E2 /* iMacros.app */,
			);
			name = Products;
			sourceTree = "<group>";
		};
		822AEDA82850C9F6007352E2 /* iMacros */ = {
			isa = PBXGroup;
			children = (
				828E1A9F285129EA006CC23C /* ViewModel */,
				828E1A9E285129E0006CC23C /* View */,
				822AEDA92850C9F6007352E2 /* iMacrosApp.swift */,
				822AEDAB2850C9F6007352E2 /* ContentView.swift */,
				822AEDAD2850C9F8007352E2 /* Assets.xcassets */,
				822AEDB22850C9F8007352E2 /* Persistence.swift */,
				822AEDB42850C9F8007352E2 /* iMacros.xcdatamodeld */,
				822AEDAF2850C9F8007352E2 /* Preview Content */,
			);
			path = iMacros;
			sourceTree = "<group>";
		};
		822AEDAF2850C9F8007352E2 /* Preview Content */ = {
			isa = PBXGroup;
			children = (
				822AEDB02850C9F8007352E2 /* Preview Assets.xcassets */,
			);
			path = "Preview Content";
			sourceTree = "<group>";
		};
		828E1A9E285129E0006CC23C /* View */ = {
			isa = PBXGroup;
			children = (
				828E1AA0285129F6006CC23C /* Home.swift */,
				828E1AA42851334B006CC23C /* AddNewMeal.swift */,
			);
			path = View;
			sourceTree = "<group>";
		};
		828E1A9F285129EA006CC23C /* ViewModel */ = {
			isa = PBXGroup;
			children = (
				828E1AA2285130B6006CC23C /* MealViewModel.swift */,
			);
			path = ViewModel;
			sourceTree = "<group>";
		};
/* End PBXGroup section */

/* Begin PBXNativeTarget section */
		822AEDA52850C9F6007352E2 /* iMacros */ = {
			isa = PBXNativeTarget;
			buildConfigurationList = 822AEDB92850C9F8007352E2 /* Build configuration list for PBXNativeTarget "iMacros" */;
			buildPhases = (
				822AEDA22850C9F6007352E2 /* Sources */,
				822AEDA32850C9F6007352E2 /* Frameworks */,
				822AEDA42850C9F6007352E2 /* Resources */,
			);
			buildRules = (
			);
			dependencies = (
			);
			name = iMacros;
			productName = iMacros;
			productReference = 822AEDA62850C9F6007352E2 /* iMacros.app */;
			productType = "com.apple.product-type.application";
		};
/* End PBXNativeTarget section */

/* Begin PBXProject section */
		822AED9E2850C9F6007352E2 /* Project object */ = {
			isa = PBXProject;
			attributes = {
				BuildIndependentTargetsInParallel = 1;
				LastSwiftUpdateCheck = 1340;
				LastUpgradeCheck = 1340;
				TargetAttributes = {
					822AEDA52850C9F6007352E2 = {
						CreatedOnToolsVersion = 13.4.1;
					};
				};
			};
			buildConfigurationList = 822AEDA12850C9F6007352E2 /* Build configuration list for PBXProject "iMacros" */;
			compatibilityVersion = "Xcode 13.0";
			developmentRegion = en;
			hasScannedForEncodings = 0;
			knownRegions = (
				en,
				Base,
			);
			mainGroup = 822AED9D2850C9F6007352E2;
			productRefGroup = 822AEDA72850C9F6007352E2 /* Products */;
			projectDirPath = "";
			projectRoot = "";
			targets = (
				822AEDA52850C9F6007352E2 /* iMacros */,
			);
		};
/* End PBXProject section */

/* Begin PBXResourcesBuildPhase section */
		822AEDA42850C9F6007352E2 /* Resources */ = {
			isa = PBXResourcesBuildPhase;
			buildActionMask = 2147483647;
			files = (
				822AEDB12850C9F8007352E2 /* Preview Assets.xcassets in Resources */,
				822AEDAE2850C9F8007352E2 /* Assets.xcassets in Resources */,
			);
			runOnlyForDeploymentPostprocessing = 0;
		};
/* End PBXResourcesBuildPhase section */

/* Begin PBXSourcesBuildPhase section */
		822AEDA22850C9F6007352E2 /* Sources */ = {
			isa = PBXSourcesBuildPhase;
			buildActionMask = 2147483647;
			files = (
				822AEDB32850C9F8007352E2 /* Persistence.swift in Sources */,
				822AEDAC2850C9F6007352E2 /* ContentView.swift in Sources */,
				828E1AA52851334B006CC23C /* AddNewMeal.swift in Sources */,
				828E1AA1285129F6006CC23C /* Home.swift in Sources */,
				822AEDB62850C9F8007352E2 /* iMacros.xcdatamodeld in Sources */,
				822AEDAA2850C9F6007352E2 /* iMacrosApp.swift in Sources */,
				828E1AA3285130B6006CC23C /* MealViewModel.swift in Sources */,
			);
			runOnlyForDeploymentPostprocessing = 0;
		};
/* End PBXSourcesBuildPhase section */

/* Begin XCBuildConfiguration section */
		822AEDB72850C9F8007352E2 /* Debug */ = {
			isa = XCBuildConfiguration;
			buildSettings = {
				ALWAYS_SEARCH_USER_PATHS = NO;
				CLANG_ANALYZER_NONNULL = YES;
				CLANG_ANALYZER_NUMBER_OBJECT_CONVERSION = YES_AGGRESSIVE;
				CLANG_CXX_LANGUAGE_STANDARD = "gnu++17";
				CLANG_ENABLE_MODULES = YES;
				CLANG_ENABLE_OBJC_ARC = YES;
				CLANG_ENABLE_OBJC_WEAK = YES;
				CLANG_WARN_BLOCK_CAPTURE_AUTORELEASING = YES;
				CLANG_WARN_BOOL_CONVERSION = YES;
				CLANG_WARN_COMMA = YES;
				CLANG_WARN_CONSTANT_CONVERSION = YES;
				CLANG_WARN_DEPRECATED_OBJC_IMPLEMENTATIONS = YES;
				CLANG_WARN_DIRECT_OBJC_ISA_USAGE = YES_ERROR;
				CLANG_WARN_DOCUMENTATION_COMMENTS = YES;
				CLANG_WARN_EMPTY_BODY = YES;
				CLANG_WARN_ENUM_CONVERSION = YES;
				CLANG_WARN_INFINITE_RECURSION = YES;
				CLANG_WARN_INT_CONVERSION = YES;
				CLANG_WARN_NON_LITERAL_NULL_CONVERSION = YES;
				CLANG_WARN_OBJC_IMPLICIT_RETAIN_SELF = YES;
				CLANG_WARN_OBJC_LITERAL_CONVERSION = YES;
				CLANG_WARN_OBJC_ROOT_CLASS = YES_ERROR;
				CLANG_WARN_QUOTED_INCLUDE_IN_FRAMEWORK_HEADER = YES;
				CLANG_WARN_RANGE_LOOP_ANALYSIS = YES;
				CLANG_WARN_STRICT_PROTOTYPES = YES;
				CLANG_WARN_SUSPICIOUS_MOVE = YES;
				CLANG_WARN_UNGUARDED_AVAILABILITY = YES_AGGRESSIVE;
				CLANG_WARN_UNREACHABLE_CODE = YES;
				CLANG_WARN__DUPLICATE_METHOD_MATCH = YES;
				COPY_PHASE_STRIP = NO;
				DEBUG_INFORMATION_FORMAT = dwarf;
				ENABLE_STRICT_OBJC_MSGSEND = YES;
				ENABLE_TESTABILITY = YES;
				GCC_C_LANGUAGE_STANDARD = gnu11;
				GCC_DYNAMIC_NO_PIC = NO;
				GCC_NO_COMMON_BLOCKS = YES;
				GCC_OPTIMIZATION_LEVEL = 0;
				GCC_PREPROCESSOR_DEFINITIONS = (
					"DEBUG=1",
					"$(inherited)",
				);
				GCC_WARN_64_TO_32_BIT_CONVERSION = YES;
				GCC_WARN_ABOUT_RETURN_TYPE = YES_ERROR;
				GCC_WARN_UNDECLARED_SELECTOR = YES;
				GCC_WARN_UNINITIALIZED_AUTOS = YES_AGGRESSIVE;
				GCC_WARN_UNUSED_FUNCTION = YES;
				GCC_WARN_UNUSED_VARIABLE = YES;
				IPHONEOS_DEPLOYMENT_TARGET = 15.5;
				MTL_ENABLE_DEBUG_INFO = INCLUDE_SOURCE;
				MTL_FAST_MATH = YES;
				ONLY_ACTIVE_ARCH = YES;
				SDKROOT = iphoneos;
				SWIFT_ACTIVE_COMPILATION_CONDITIONS = DEBUG;
				SWIFT_OPTIMIZATION_LEVEL = "-Onone";
			};
			name = Debug;
		};
		822AEDB82850C9F8007352E2 /* Release */ = {
			isa = XCBuildConfiguration;
			buildSettings = {
				ALWAYS_SEARCH_USER_PATHS = NO;
				CLANG_ANALYZER_NONNULL = YES;
				CLANG_ANALYZER_NUMBER_OBJECT_CONVERSION = YES_AGGRESSIVE;
				CLANG_CXX_LANGUAGE_STANDARD = "gnu++17";
				CLANG_ENABLE_MODULES = YES;
				CLANG_ENABLE_OBJC_ARC = YES;
				CLANG_ENABLE_OBJC_WEAK = YES;
				CLANG_WARN_BLOCK_CAPTURE_AUTORELEASING = YES;
				CLANG_WARN_BOOL_CONVERSION = YES;
				CLANG_WARN_COMMA = YES;
				CLANG_WARN_CONSTANT_CONVERSION = YES;
				CLANG_WARN_DEPRECATED_OBJC_IMPLEMENTATIONS = YES;
				CLANG_WARN_DIRECT_OBJC_ISA_USAGE = YES_ERROR;
				CLANG_WARN_DOCUMENTATION_COMMENTS = YES;
				CLANG_WARN_EMPTY_BODY = YES;
				CLANG_WARN_ENUM_CONVERSION = YES;
				CLANG_WARN_INFINITE_RECURSION = YES;
				CLANG_WARN_INT_CONVERSION = YES;
				CLANG_WARN_NON_LITERAL_NULL_CONVERSION = YES;
				CLANG_WARN_OBJC_IMPLICIT_RETAIN_SELF = YES;
				CLANG_WARN_OBJC_LITERAL_CONVERSION = YES;
				CLANG_WARN_OBJC_ROOT_CLASS = YES_ERROR;
				CLANG_WARN_QUOTED_INCLUDE_IN_FRAMEWORK_HEADER = YES;
				CLANG_WARN_RANGE_LOOP_ANALYSIS = YES;
				CLANG_WARN_STRICT_PROTOTYPES = YES;
				CLANG_WARN_SUSPICIOUS_MOVE = YES;
				CLANG_WARN_UNGUARDED_AVAILABILITY = YES_AGGRESSIVE;
				CLANG_WARN_UNREACHABLE_CODE = YES;
				CLANG_WARN__DUPLICATE_METHOD_MATCH = YES;
				COPY_PHASE_STRIP = NO;
				DEBUG_INFORMATION_FORMAT = "dwarf-with-dsym";
				ENABLE_NS_ASSERTIONS = NO;
				ENABLE_STRICT_OBJC_MSGSEND = YES;
				GCC_C_LANGUAGE_STANDARD = gnu11;
				GCC_NO_COMMON_BLOCKS = YES;
				GCC_WARN_64_TO_32_BIT_CONVERSION = YES;
				GCC_WARN_ABOUT_RETURN_TYPE = YES_ERROR;
				GCC_WARN_UNDECLARED_SELECTOR = YES;
				GCC_WARN_UNINITIALIZED_AUTOS = YES_AGGRESSIVE;
				GCC_WARN_UNUSED_FUNCTION = YES;
				GCC_WARN_UNUSED_VARIABLE = YES;
				IPHONEOS_DEPLOYMENT_TARGET = 15.5;
				MTL_ENABLE_DEBUG_INFO = NO;
				MTL_FAST_MATH = YES;
				SDKROOT = iphoneos;
				SWIFT_COMPILATION_MODE = wholemodule;
				SWIFT_OPTIMIZATION_LEVEL = "-O";
				VALIDATE_PRODUCT = YES;
			};
			name = Release;
		};
		822AEDBA2850C9F8007352E2 /* Debug */ = {
			isa = XCBuildConfiguration;
			buildSettings = {
				ASSETCATALOG_COMPILER_APPICON_NAME = AppIcon;
				ASSETCATALOG_COMPILER_GLOBAL_ACCENT_COLOR_NAME = AccentColor;
				CODE_SIGN_STYLE = Automatic;
				CURRENT_PROJECT_VERSION = 1;
				DEVELOPMENT_ASSET_PATHS = "\"iMacros/Preview Content\"";
				DEVELOPMENT_TEAM = UMQAGMF379;
				ENABLE_PREVIEWS = YES;
				GENERATE_INFOPLIST_FILE = YES;
				INFOPLIST_KEY_UIApplicationSceneManifest_Generation = YES;
				INFOPLIST_KEY_UIApplicationSupportsIndirectInputEvents = YES;
				INFOPLIST_KEY_UILaunchScreen_Generation = YES;
				INFOPLIST_KEY_UISupportedInterfaceOrientations_iPad = "UIInterfaceOrientationPortrait UIInterfaceOrientationPortraitUpsideDown UIInterfaceOrientationLandscapeLeft UIInterfaceOrientationLandscapeRight";
				INFOPLIST_KEY_UISupportedInterfaceOrientations_iPhone = "UIInterfaceOrientationPortrait UIInterfaceOrientationLandscapeLeft UIInterfaceOrientationLandscapeRight";
				LD_RUNPATH_SEARCH_PATHS = (
					"$(inherited)",
					"@executable_path/Frameworks",
				);
				MARKETING_VERSION = 1.0;
				PRODUCT_BUNDLE_IDENTIFIER = com.IssapTechnologies.iMacros;
				PRODUCT_NAME = "$(TARGET_NAME)";
				SWIFT_EMIT_LOC_STRINGS = YES;
				SWIFT_VERSION = 5.0;
				TARGETED_DEVICE_FAMILY = "1,2";
			};
			name = Debug;
		};
		822AEDBB2850C9F8007352E2 /* Release */ = {
			isa = XCBuildConfiguration;
			buildSettings = {
				ASSETCATALOG_COMPILER_APPICON_NAME = AppIcon;
				ASSETCATALOG_COMPILER_GLOBAL_ACCENT_COLOR_NAME = AccentColor;
				CODE_SIGN_STYLE = Automatic;
				CURRENT_PROJECT_VERSION = 1;
				DEVELOPMENT_ASSET_PATHS = "\"iMacros/Preview Content\"";
				DEVELOPMENT_TEAM = UMQAGMF379;
				ENABLE_PREVIEWS = YES;
				GENERATE_INFOPLIST_FILE = YES;
				INFOPLIST_KEY_UIApplicationSceneManifest_Generation = YES;
				INFOPLIST_KEY_UIApplicationSupportsIndirectInputEvents = YES;
				INFOPLIST_KEY_UILaunchScreen_Generation = YES;
				INFOPLIST_KEY_UISupportedInterfaceOrientations_iPad = "UIInterfaceOrientationPortrait UIInterfaceOrientationPortraitUpsideDown UIInterfaceOrientationLandscapeLeft UIInterfaceOrientationLandscapeRight";
				INFOPLIST_KEY_UISupportedInterfaceOrientations_iPhone = "UIInterfaceOrientationPortrait UIInterfaceOrientationLandscapeLeft UIInterfaceOrientationLandscapeRight";
				LD_RUNPATH_SEARCH_PATHS = (
					"$(inherited)",
					"@executable_path/Frameworks",
				);
				MARKETING_VERSION = 1.0;
				PRODUCT_BUNDLE_IDENTIFIER = com.IssapTechnologies.iMacros;
				PRODUCT_NAME = "$(TARGET_NAME)";
				SWIFT_EMIT_LOC_STRINGS = YES;
				SWIFT_VERSION = 5.0;
				TARGETED_DEVICE_FAMILY = "1,2";
			};
			name = Release;
		};
/* End XCBuildConfiguration section */

/* Begin XCConfigurationList section */
		822AEDA12850C9F6007352E2 /* Build configuration list for PBXProject "iMacros" */ = {
			isa = XCConfigurationList;
			buildConfigurations = (
				822AEDB72850C9F8007352E2 /* Debug */,
				822AEDB82850C9F8007352E2 /* Release */,
			);
			defaultConfigurationIsVisible = 0;
			defaultConfigurationName = Release;
		};
		822AEDB92850C9F8007352E2 /* Build configuration list for PBXNativeTarget "iMacros" */ = {
			isa = XCConfigurationList;
			buildConfigurations = (
				822AEDBA2850C9F8007352E2 /* Debug */,
				822AEDBB2850C9F8007352E2 /* Release */,
			);
			defaultConfigurationIsVisible = 0;
			defaultConfigurationName = Release;
		};
/* End XCConfigurationList section */

/* Begin XCVersionGroup section */
		822AEDB42850C9F8007352E2 /* iMacros.xcdatamodeld */ = {
			isa = XCVersionGroup;
			children = (
				822AEDB52850C9F8007352E2 /* iMacros.xcdatamodel */,
			);
			currentVersion = 822AEDB52850C9F8007352E2 /* iMacros.xcdatamodel */;
			path = iMacros.xcdatamodeld;
			sourceTree = "<group>";
			versionGroupType = wrapper.xcdatamodel;
		};
/* End XCVersionGroup section */
	};
	rootObject = 822AED9E2850C9F6007352E2 /* Project object */;
}
